# This file is automatically @generated by Poetry 1.5.0 and should not be changed by hand.

[[package]]
name = "prometheus-client"
version = "0.17.0"
description = "Python client for the Prometheus monitoring system."
optional = false
python-versions = ">=3.6"
files = [
    {file = "prometheus_client-0.17.0-py3-none-any.whl", hash = "sha256:a77b708cf083f4d1a3fb3ce5c95b4afa32b9c521ae363354a4a910204ea095ce"},
    {file = "prometheus_client-0.17.0.tar.gz", hash = "sha256:9c3b26f1535945e85b8934fb374678d263137b78ef85f305b1156c7c881cd11b"},
]

[package.extras]
twisted = ["twisted"]

[[package]]
name = "python-bitcoinlib"
version = "0.12.1"
description = "The Swiss Army Knife of the Bitcoin protocol."
optional = false
python-versions = "*"
files = [
    {file = "python-bitcoinlib-0.12.1.tar.gz", hash = "sha256:2d7a82c4502062114f08969849ce2490af3c42c4fda72b34829ba7dd6fc3c72a"},
    {file = "python_bitcoinlib-0.12.1-py3-none-any.whl", hash = "sha256:24213729c182e0a925601185f61dfdb809b315c0c66e9769c842dcba691c8d75"},
]

[[package]]
name = "python-dotenv"
version = "1.0.0"
description = "Read key-value pairs from a .env file and set them as environment variables"
optional = false
python-versions = ">=3.8"
files = [
    {file = "python-dotenv-1.0.0.tar.gz", hash = "sha256:a8df96034aae6d2d50a4ebe8216326c61c3eb64836776504fcca410e5937a3ba"},
    {file = "python_dotenv-1.0.0-py3-none-any.whl", hash = "sha256:f5971a9226b701070a4bf2c38c89e5a3f0d64de8debda981d1db98583009122a"},
]

[package.extras]
cli = ["click (>=5.0)"]

[[package]]
name = "riprova"
version = "0.3.0"
description = "Small and versatile library to retry failed operations using different backoff strategies"
optional = false
python-versions = "*"
files = []
develop = false

[package.dependencies]
six = ">=1.10.0"

[package.source]
type = "git"
url = "https://github.com/JettScythe/riprova.git"
reference = "Python3.11"
resolved_reference = "fab781d1bb4fcacad68602fb4253bc96ca450664"

[[package]]
name = "six"
version = "1.16.0"
description = "Python 2 and 3 compatibility utilities"
optional = false
python-versions = ">=2.7, !=3.0.*, !=3.1.*, !=3.2.*"
files = [
    {file = "six-1.16.0-py2.py3-none-any.whl", hash = "sha256:8abb2f1d86890a2dfb989f9a77cfcfd3e47c2a354b01111771326f8aa26e0254"},
    {file = "six-1.16.0.tar.gz", hash = "sha256:1e61c37477a1626458e36f7b1d82aa5c9b094fa4802892072e49de9c60c4c926"},
]

[metadata]
lock-version = "2.0"
python-versions = "^3.11"
content-hash = "2833ea43ab54d830121ca5b93a04a1d5b242865e1c3f9ff5f17659c66a5f3cb0"
